
Microsoft Visual Studio Solution File, Format Version 10.00
# Visual Studio 2008
Project("{8BC9CEB8-8B4A-11D0-8D11-00A0C91BC942}") = "Problem_1", "Problem_1\Problem_1.vcproj", "{9EE89667-54F3-4956-A8F2-7CF9320D4CF1}"
EndProject
Global
	GlobalSection(SolutionConfigurationPlatforms) = preSolution
		Debug|Win32 = Debug|Win32
		Release|Win32 = Release|Win32
	EndGlobalSection
	GlobalSection(ProjectConfigurationPlatforms) = postSolution
		{9EE89667-54F3-4956-A8F2-7CF9320D4CF1}.Debug|Win32.ActiveCfg = Debug|Win32
		{9EE89667-54F3-4956-A8F2-7CF9320D4CF1}.Debug|Win32.Build.0 = Debug|Win32
		{9EE89667-54F3-4956-A8F2-7CF9320D4CF1}.Release|Win32.ActiveCfg = Release|Win32
		{9EE89667-54F3-4956-A8F2-7CF9320D4CF1}.Release|Win32.Build.0 = Release|Win32
	EndGlobalSection
	GlobalSection(SolutionProperties) = preSolution
		HideSolutionNode = FALSE
	EndGlobalSection
EndGlobal
