
Microsoft Visual Studio Solution File, Format Version 10.00
# Visual Studio 2008
Project("{8BC9CEB8-8B4A-11D0-8D11-00A0C91BC942}") = "PROGRAM_3", "PROGRAM_3\PROGRAM_3.vcproj", "{F4E8F942-A597-4EAB-89DF-5001B1FC0542}"
EndProject
Global
	GlobalSection(SolutionConfigurationPlatforms) = preSolution
		Debug|Win32 = Debug|Win32
		Release|Win32 = Release|Win32
	EndGlobalSection
	GlobalSection(ProjectConfigurationPlatforms) = postSolution
		{F4E8F942-A597-4EAB-89DF-5001B1FC0542}.Debug|Win32.ActiveCfg = Debug|Win32
		{F4E8F942-A597-4EAB-89DF-5001B1FC0542}.Debug|Win32.Build.0 = Debug|Win32
		{F4E8F942-A597-4EAB-89DF-5001B1FC0542}.Release|Win32.ActiveCfg = Release|Win32
		{F4E8F942-A597-4EAB-89DF-5001B1FC0542}.Release|Win32.Build.0 = Release|Win32
	EndGlobalSection
	GlobalSection(SolutionProperties) = preSolution
		HideSolutionNode = FALSE
	EndGlobalSection
EndGlobal
