
Microsoft Visual Studio Solution File, Format Version 10.00
# Visual Studio 2008
Project("{8BC9CEB8-8B4A-11D0-8D11-00A0C91BC942}") = "LAB_5_CALEB_LATIMER_PROBLEM_1", "LAB_5_CALEB_LATIMER_PROBLEM_1\LAB_5_CALEB_LATIMER_PROBLEM_1.vcproj", "{188109E1-87C2-4D9F-9F48-FE8968D36E35}"
EndProject
Global
	GlobalSection(SolutionConfigurationPlatforms) = preSolution
		Debug|Win32 = Debug|Win32
		Release|Win32 = Release|Win32
	EndGlobalSection
	GlobalSection(ProjectConfigurationPlatforms) = postSolution
		{188109E1-87C2-4D9F-9F48-FE8968D36E35}.Debug|Win32.ActiveCfg = Debug|Win32
		{188109E1-87C2-4D9F-9F48-FE8968D36E35}.Debug|Win32.Build.0 = Debug|Win32
		{188109E1-87C2-4D9F-9F48-FE8968D36E35}.Release|Win32.ActiveCfg = Release|Win32
		{188109E1-87C2-4D9F-9F48-FE8968D36E35}.Release|Win32.Build.0 = Release|Win32
	EndGlobalSection
	GlobalSection(SolutionProperties) = preSolution
		HideSolutionNode = FALSE
	EndGlobalSection
EndGlobal
