
Microsoft Visual Studio Solution File, Format Version 10.00
# Visual Studio 2008
Project("{8BC9CEB8-8B4A-11D0-8D11-00A0C91BC942}") = "LAB_5_CALEB_LATIMER_PROBLEM_3", "LAB_5_CALEB_LATIMER_PROBLEM_3\LAB_5_CALEB_LATIMER_PROBLEM_3.vcproj", "{AAED2FA7-CA4B-4893-A9ED-1171CECF6146}"
EndProject
Global
	GlobalSection(SolutionConfigurationPlatforms) = preSolution
		Debug|Win32 = Debug|Win32
		Release|Win32 = Release|Win32
	EndGlobalSection
	GlobalSection(ProjectConfigurationPlatforms) = postSolution
		{AAED2FA7-CA4B-4893-A9ED-1171CECF6146}.Debug|Win32.ActiveCfg = Debug|Win32
		{AAED2FA7-CA4B-4893-A9ED-1171CECF6146}.Debug|Win32.Build.0 = Debug|Win32
		{AAED2FA7-CA4B-4893-A9ED-1171CECF6146}.Release|Win32.ActiveCfg = Release|Win32
		{AAED2FA7-CA4B-4893-A9ED-1171CECF6146}.Release|Win32.Build.0 = Release|Win32
	EndGlobalSection
	GlobalSection(SolutionProperties) = preSolution
		HideSolutionNode = FALSE
	EndGlobalSection
EndGlobal
