
Microsoft Visual Studio Solution File, Format Version 9.00
# Visual Studio 2005
Project("{8BC9CEB8-8B4A-11D0-8D11-00A0C91BC942}") = "Lab6", "Lab6\Lab6.vcproj", "{D597BB9E-452F-4317-9160-ED9CAB0B7C1A}"
EndProject
Global
	GlobalSection(SolutionConfigurationPlatforms) = preSolution
		Debug|Win32 = Debug|Win32
		Release|Win32 = Release|Win32
	EndGlobalSection
	GlobalSection(ProjectConfigurationPlatforms) = postSolution
		{D597BB9E-452F-4317-9160-ED9CAB0B7C1A}.Debug|Win32.ActiveCfg = Debug|Win32
		{D597BB9E-452F-4317-9160-ED9CAB0B7C1A}.Debug|Win32.Build.0 = Debug|Win32
		{D597BB9E-452F-4317-9160-ED9CAB0B7C1A}.Release|Win32.ActiveCfg = Release|Win32
		{D597BB9E-452F-4317-9160-ED9CAB0B7C1A}.Release|Win32.Build.0 = Release|Win32
	EndGlobalSection
	GlobalSection(SolutionProperties) = preSolution
		HideSolutionNode = FALSE
	EndGlobalSection
EndGlobal
